
Microsoft Visual Studio Solution File, Format Version 12.00
# Visual Studio Version 17
VisualStudioVersion = 17.11.35208.52
MinimumVisualStudioVersion = 10.0.40219.1
Project("{FAE04EC0-301F-11D3-BF4B-00C04F79EFBC}") = "SWP391.KoiCareSystemAtHome.Repository", "SWP391.KoiCareSystemAtHome.Repository\SWP391.KoiCareSystemAtHome.Repository.csproj", "{51D7BFA2-09E1-4A28-A91B-D1E79ED255C3}"
EndProject
Project("{FAE04EC0-301F-11D3-BF4B-00C04F79EFBC}") = "SWP391.KoiCareSystemAtHome.Service", "SWP391.KoiCareSystemAtHome.Service\SWP391.KoiCareSystemAtHome.Service.csproj", "{F879E3AB-1FB9-4AEF-98AE-02EAFC6736FC}"
EndProject
Project("{FAE04EC0-301F-11D3-BF4B-00C04F79EFBC}") = "SWP391.KoiCareSystemAtHome.API", "SWP391.KoiCareSystemAtHome.API\SWP391.KoiCareSystemAtHome.API.csproj", "{D882475C-2D4B-4BE9-B6C0-84BE93BD8877}"
EndProject
Global
	GlobalSection(SolutionConfigurationPlatforms) = preSolution
		Debug|Any CPU = Debug|Any CPU
		Release|Any CPU = Release|Any CPU
	EndGlobalSection
	GlobalSection(ProjectConfigurationPlatforms) = postSolution
		{51D7BFA2-09E1-4A28-A91B-D1E79ED255C3}.Debug|Any CPU.ActiveCfg = Debug|Any CPU
		{51D7BFA2-09E1-4A28-A91B-D1E79ED255C3}.Debug|Any CPU.Build.0 = Debug|Any CPU
		{51D7BFA2-09E1-4A28-A91B-D1E79ED255C3}.Release|Any CPU.ActiveCfg = Release|Any CPU
		{51D7BFA2-09E1-4A28-A91B-D1E79ED255C3}.Release|Any CPU.Build.0 = Release|Any CPU
		{F879E3AB-1FB9-4AEF-98AE-02EAFC6736FC}.Debug|Any CPU.ActiveCfg = Debug|Any CPU
		{F879E3AB-1FB9-4AEF-98AE-02EAFC6736FC}.Debug|Any CPU.Build.0 = Debug|Any CPU
		{F879E3AB-1FB9-4AEF-98AE-02EAFC6736FC}.Release|Any CPU.ActiveCfg = Release|Any CPU
		{F879E3AB-1FB9-4AEF-98AE-02EAFC6736FC}.Release|Any CPU.Build.0 = Release|Any CPU
		{D882475C-2D4B-4BE9-B6C0-84BE93BD8877}.Debug|Any CPU.ActiveCfg = Debug|Any CPU
		{D882475C-2D4B-4BE9-B6C0-84BE93BD8877}.Debug|Any CPU.Build.0 = Debug|Any CPU
		{D882475C-2D4B-4BE9-B6C0-84BE93BD8877}.Release|Any CPU.ActiveCfg = Release|Any CPU
		{D882475C-2D4B-4BE9-B6C0-84BE93BD8877}.Release|Any CPU.Build.0 = Release|Any CPU
	EndGlobalSection
	GlobalSection(SolutionProperties) = preSolution
		HideSolutionNode = FALSE
	EndGlobalSection
	GlobalSection(ExtensibilityGlobals) = postSolution
		SolutionGuid = {BAF7DE4B-E7A4-49FA-A59B-3F8365657B5C}
	EndGlobalSection
EndGlobal
